Microsoft Visual Studio Solution File, Format Version 12.00
# Visual Studio Version 17
VisualStudioVersion = 17.5.2.0
MinimumVisualStudioVersion = 10.0.40219.1
Project("{FAE04EC0-301F-11D3-BF4B-00C04F79EFBC}") = "TesteWebForms", "TesteWebForms.csproj", "{2D198334-A229-2443-E0A3-4BFA45900309}"
EndProject
Global
	GlobalSection(SolutionConfigurationPlatforms) = preSolution
		Debug|Any CPU = Debug|Any CPU
		Release|Any CPU = Release|Any CPU
	EndGlobalSection
	GlobalSection(ProjectConfigurationPlatforms) = postSolution
		{2D198334-A229-2443-E0A3-4BFA45900309}.Debug|Any CPU.ActiveCfg = Debug|Any CPU
		{2D198334-A229-2443-E0A3-4BFA45900309}.Debug|Any CPU.Build.0 = Debug|Any CPU
		{2D198334-A229-2443-E0A3-4BFA45900309}.Release|Any CPU.ActiveCfg = Release|Any CPU
		{2D198334-A229-2443-E0A3-4BFA45900309}.Release|Any CPU.Build.0 = Release|Any CPU
	EndGlobalSection
	GlobalSection(SolutionProperties) = preSolution
		HideSolutionNode = FALSE
	EndGlobalSection
	GlobalSection(ExtensibilityGlobals) = postSolution
		SolutionGuid = {36FE57A3-A594-4D31-99E1-7C7FE69E7EF5}
	EndGlobalSection
EndGlobal
